// !$*UTF8*$!
{
	archiveVersion = 1;
	classes = {
	};
	objectVersion = 56;
	objects = {

/* Begin PBXBuildFile section */
		FE35F9A929928A9700191F6A /* main.cpp in Sources */ = {isa = PBXBuildFile; fileRef = FE35F9A829928A9700191F6A /* main.cpp */; };
		FE35F9D52992EE7000191F6A /* main.cpp in Sources */ = {isa = PBXBuildFile; fileRef = FE35F9D42992EE7000191F6A /* main.cpp */; };
		FE5EC2A8299368420005A43B /* main.cpp in Sources */ = {isa = PBXBuildFile; fileRef = FE5EC2A7299368420005A43B /* main.cpp */; };
		FE7245E6298527FF00C50861 /* main.c in Sources */ = {isa = PBXBuildFile; fileRef = FE7245E5298527FF00C50861 /* main.c */; };
		FED4F226298E764A00D1D4E2 /* main.cpp in Sources */ = {isa = PBXBuildFile; fileRef = FED4F225298E764A00D1D4E2 /* main.cpp */; };
/* End PBXBuildFile section */

/* Begin PBXCopyFilesBuildPhase section */
		FE35F9A429928A9700191F6A /* CopyFiles */ = {
			isa = PBXCopyFilesBuildPhase;
			buildActionMask = 2147483647;
			dstPath = /usr/share/man/man1/;
			dstSubfolderSpec = 0;
			files = (
			);
			runOnlyForDeploymentPostprocessing = 1;
		};
		FE35F9AF2992E5C000191F6A /* CopyFiles */ = {
			isa = PBXCopyFilesBuildPhase;
			buildActionMask = 2147483647;
			dstPath = /usr/share/man/man1/;
			dstSubfolderSpec = 0;
			files = (
			);
			runOnlyForDeploymentPostprocessing = 1;
		};
		FE35F9BA2992E5F300191F6A /* CopyFiles */ = {
			isa = PBXCopyFilesBuildPhase;
			buildActionMask = 2147483647;
			dstPath = /usr/share/man/man1/;
			dstSubfolderSpec = 0;
			files = (
			);
			runOnlyForDeploymentPostprocessing = 1;
		};
		FE35F9C52992E61100191F6A /* CopyFiles */ = {
			isa = PBXCopyFilesBuildPhase;
			buildActionMask = 2147483647;
			dstPath = /usr/share/man/man1/;
			dstSubfolderSpec = 0;
			files = (
			);
			runOnlyForDeploymentPostprocessing = 1;
		};
		FE35F9D02992EE7000191F6A /* CopyFiles */ = {
			isa = PBXCopyFilesBuildPhase;
			buildActionMask = 2147483647;
			dstPath = /usr/share/man/man1/;
			dstSubfolderSpec = 0;
			files = (
			);
			runOnlyForDeploymentPostprocessing = 1;
		};
		FE5EC28D299363F10005A43B /* CopyFiles */ = {
			isa = PBXCopyFilesBuildPhase;
			buildActionMask = 2147483647;
			dstPath = /usr/share/man/man1/;
			dstSubfolderSpec = 0;
			files = (
			);
			runOnlyForDeploymentPostprocessing = 1;
		};
		FE5EC298299368190005A43B /* CopyFiles */ = {
			isa = PBXCopyFilesBuildPhase;
			buildActionMask = 2147483647;
			dstPath = /usr/share/man/man1/;
			dstSubfolderSpec = 0;
			files = (
			);
			runOnlyForDeploymentPostprocessing = 1;
		};
		FE5EC2A3299368420005A43B /* CopyFiles */ = {
			isa = PBXCopyFilesBuildPhase;
			buildActionMask = 2147483647;
			dstPath = /usr/share/man/man1/;
			dstSubfolderSpec = 0;
			files = (
			);
			runOnlyForDeploymentPostprocessing = 1;
		};
		FE7245E0298527FF00C50861 /* CopyFiles */ = {
			isa = PBXCopyFilesBuildPhase;
			buildActionMask = 2147483647;
			dstPath = /usr/share/man/man1/;
			dstSubfolderSpec = 0;
			files = (
			);
			runOnlyForDeploymentPostprocessing = 1;
		};
		FED4F221298E764A00D1D4E2 /* CopyFiles */ = {
			isa = PBXCopyFilesBuildPhase;
			buildActionMask = 2147483647;
			dstPath = /usr/share/man/man1/;
			dstSubfolderSpec = 0;
			files = (
			);
			runOnlyForDeploymentPostprocessing = 1;
		};
/* End PBXCopyFilesBuildPhase section */

/* Begin PBXFileReference section */
		FE35F9A629928A9700191F6A /* doubly linked list */ = {isa = PBXFileReference; explicitFileType = "compiled.mach-o.executable"; includeInIndex = 0; path = "doubly linked list"; sourceTree = BUILT_PRODUCTS_DIR; };
		FE35F9A829928A9700191F6A /* main.cpp */ = {isa = PBXFileReference; lastKnownFileType = sourcecode.cpp.cpp; path = main.cpp; sourceTree = "<group>"; };
		FE35F9B12992E5C000191F6A /* random */ = {isa = PBXFileReference; explicitFileType = "compiled.mach-o.executable"; includeInIndex = 0; path = random; sourceTree = BUILT_PRODUCTS_DIR; };
		FE35F9BC2992E5F300191F6A /* Randoom linked list operations */ = {isa = PBXFileReference; explicitFileType = "compiled.mach-o.executable"; includeInIndex = 0; path = "Randoom linked list operations"; sourceTree = BUILT_PRODUCTS_DIR; };
		FE35F9C72992E61100191F6A /* random linked list references */ = {isa = PBXFileReference; explicitFileType = "compiled.mach-o.executable"; includeInIndex = 0; path = "random linked list references"; sourceTree = BUILT_PRODUCTS_DIR; };
		FE35F9D22992EE7000191F6A /* finding middle */ = {isa = PBXFileReference; explicitFileType = "compiled.mach-o.executable"; includeInIndex = 0; path = "finding middle"; sourceTree = BUILT_PRODUCTS_DIR; };
		FE35F9D42992EE7000191F6A /* main.cpp */ = {isa = PBXFileReference; lastKnownFileType = sourcecode.cpp.cpp; path = main.cpp; sourceTree = "<group>"; };
		FE5EC28F299363F10005A43B /* sparse matrix */ = {isa = PBXFileReference; explicitFileType = "compiled.mach-o.executable"; includeInIndex = 0; path = "sparse matrix"; sourceTree = BUILT_PRODUCTS_DIR; };
		FE5EC29A299368190005A43B /* sparsse matrix */ = {isa = PBXFileReference; explicitFileType = "compiled.mach-o.executable"; includeInIndex = 0; path = "sparsse matrix"; sourceTree = BUILT_PRODUCTS_DIR; };
		FE5EC2A5299368420005A43B /* Sparse matrix */ = {isa = PBXFileReference; explicitFileType = "compiled.mach-o.executable"; includeInIndex = 0; path = "Sparse matrix"; sourceTree = BUILT_PRODUCTS_DIR; };
		FE5EC2A7299368420005A43B /* main.cpp */ = {isa = PBXFileReference; lastKnownFileType = sourcecode.cpp.cpp; path = main.cpp; sourceTree = "<group>"; };
		FE7245E2298527FF00C50861 /* linked_list */ = {isa = PBXFileReference; explicitFileType = "compiled.mach-o.executable"; includeInIndex = 0; path = linked_list; sourceTree = BUILT_PRODUCTS_DIR; };
		FE7245E5298527FF00C50861 /* main.c */ = {isa = PBXFileReference; lastKnownFileType = sourcecode.c.c; path = main.c; sourceTree = "<group>"; };
		FED4F223298E764A00D1D4E2 /* cicular_linkedList */ = {isa = PBXFileReference; explicitFileType = "compiled.mach-o.executable"; includeInIndex = 0; path = cicular_linkedList; sourceTree = BUILT_PRODUCTS_DIR; };
		FED4F225298E764A00D1D4E2 /* main.cpp */ = {isa = PBXFileReference; lastKnownFileType = sourcecode.cpp.cpp; path = main.cpp; sourceTree = "<group>"; };
/* End PBXFileReference section */

/* Begin PBXFrameworksBuildPhase section */
		FE35F9A329928A9700191F6A /* Frameworks */ = {
			isa = PBXFrameworksBuildPhase;
			buildActionMask = 2147483647;
			files = (
			);
			runOnlyForDeploymentPostprocessing = 0;
		};
		FE35F9AE2992E5C000191F6A /* Frameworks */ = {
			isa = PBXFrameworksBuildPhase;
			buildActionMask = 2147483647;
			files = (
			);
			runOnlyForDeploymentPostprocessing = 0;
		};
		FE35F9B92992E5F300191F6A /* Frameworks */ = {
			isa = PBXFrameworksBuildPhase;
			buildActionMask = 2147483647;
			files = (
			);
			runOnlyForDeploymentPostprocessing = 0;
		};
		FE35F9C42992E61100191F6A /* Frameworks */ = {
			isa = PBXFrameworksBuildPhase;
			buildActionMask = 2147483647;
			files = (
			);
			runOnlyForDeploymentPostprocessing = 0;
		};
		FE35F9CF2992EE7000191F6A /* Frameworks */ = {
			isa = PBXFrameworksBuildPhase;
			buildActionMask = 2147483647;
			files = (
			);
			runOnlyForDeploymentPostprocessing = 0;
		};
		FE5EC28C299363F10005A43B /* Frameworks */ = {
			isa = PBXFrameworksBuildPhase;
			buildActionMask = 2147483647;
			files = (
			);
			runOnlyForDeploymentPostprocessing = 0;
		};
		FE5EC297299368190005A43B /* Frameworks */ = {
			isa = PBXFrameworksBuildPhase;
			buildActionMask = 2147483647;
			files = (
			);
			runOnlyForDeploymentPostprocessing = 0;
		};
		FE5EC2A2299368420005A43B /* Frameworks */ = {
			isa = PBXFrameworksBuildPhase;
			buildActionMask = 2147483647;
			files = (
			);
			runOnlyForDeploymentPostprocessing = 0;
		};
		FE7245DF298527FF00C50861 /* Frameworks */ = {
			isa = PBXFrameworksBuildPhase;
			buildActionMask = 2147483647;
			files = (
			);
			runOnlyForDeploymentPostprocessing = 0;
		};
		FED4F220298E764A00D1D4E2 /* Frameworks */ = {
			isa = PBXFrameworksBuildPhase;
			buildActionMask = 2147483647;
			files = (
			);
			runOnlyForDeploymentPostprocessing = 0;
		};
/* End PBXFrameworksBuildPhase section */

/* Begin PBXGroup section */
		FE35F9A729928A9700191F6A /* doubly linked list */ = {
			isa = PBXGroup;
			children = (
				FE35F9A829928A9700191F6A /* main.cpp */,
			);
			path = "doubly linked list";
			sourceTree = "<group>";
		};
		FE35F9D32992EE7000191F6A /* finding middle */ = {
			isa = PBXGroup;
			children = (
				FE35F9D42992EE7000191F6A /* main.cpp */,
			);
			path = "finding middle";
			sourceTree = "<group>";
		};
		FE5EC2A6299368420005A43B /* Sparse matrix */ = {
			isa = PBXGroup;
			children = (
				FE5EC2A7299368420005A43B /* main.cpp */,
			);
			path = "Sparse matrix";
			sourceTree = "<group>";
		};
		FE7245D9298527FF00C50861 = {
			isa = PBXGroup;
			children = (
				FE7245E4298527FF00C50861 /* linked_list */,
				FED4F224298E764A00D1D4E2 /* cicular_linkedList */,
				FE35F9A729928A9700191F6A /* doubly linked list */,
				FE35F9D32992EE7000191F6A /* finding middle */,
				FE5EC2A6299368420005A43B /* Sparse matrix */,
				FE7245E3298527FF00C50861 /* Products */,
			);
			sourceTree = "<group>";
		};
		FE7245E3298527FF00C50861 /* Products */ = {
			isa = PBXGroup;
			children = (
				FE7245E2298527FF00C50861 /* linked_list */,
				FED4F223298E764A00D1D4E2 /* cicular_linkedList */,
				FE35F9A629928A9700191F6A /* doubly linked list */,
				FE35F9B12992E5C000191F6A /* random */,
				FE35F9BC2992E5F300191F6A /* Randoom linked list operations */,
				FE35F9C72992E61100191F6A /* random linked list references */,
				FE35F9D22992EE7000191F6A /* finding middle */,
				FE5EC28F299363F10005A43B /* sparse matrix */,
				FE5EC29A299368190005A43B /* sparsse matrix */,
				FE5EC2A5299368420005A43B /* Sparse matrix */,
			);
			name = Products;
			sourceTree = "<group>";
		};
		FE7245E4298527FF00C50861 /* linked_list */ = {
			isa = PBXGroup;
			children = (
				FE7245E5298527FF00C50861 /* main.c */,
			);
			path = linked_list;
			sourceTree = "<group>";
		};
		FED4F224298E764A00D1D4E2 /* cicular_linkedList */ = {
			isa = PBXGroup;
			children = (
				FED4F225298E764A00D1D4E2 /* main.cpp */,
			);
			path = cicular_linkedList;
			sourceTree = "<group>";
		};
/* End PBXGroup section */

/* Begin PBXNativeTarget section */
		FE35F9A529928A9700191F6A /* doubly linked list */ = {
			isa = PBXNativeTarget;
			buildConfigurationList = FE35F9AC29928A9700191F6A /* Build configuration list for PBXNativeTarget "doubly linked list" */;
			buildPhases = (
				FE35F9A229928A9700191F6A /* Sources */,
				FE35F9A329928A9700191F6A /* Frameworks */,
				FE35F9A429928A9700191F6A /* CopyFiles */,
			);
			buildRules = (
			);
			dependencies = (
			);
			name = "doubly linked list";
			productName = "doubly linked list";
			productReference = FE35F9A629928A9700191F6A /* doubly linked list */;
			productType = "com.apple.product-type.tool";
		};
		FE35F9B02992E5C000191F6A /* random */ = {
			isa = PBXNativeTarget;
			buildConfigurationList = FE35F9B52992E5C000191F6A /* Build configuration list for PBXNativeTarget "random" */;
			buildPhases = (
				FE35F9AD2992E5C000191F6A /* Sources */,
				FE35F9AE2992E5C000191F6A /* Frameworks */,
				FE35F9AF2992E5C000191F6A /* CopyFiles */,
			);
			buildRules = (
			);
			dependencies = (
			);
			name = random;
			productName = random;
			productReference = FE35F9B12992E5C000191F6A /* random */;
			productType = "com.apple.product-type.tool";
		};
		FE35F9BB2992E5F300191F6A /* Randoom linked list operations */ = {
			isa = PBXNativeTarget;
			buildConfigurationList = FE35F9C02992E5F300191F6A /* Build configuration list for PBXNativeTarget "Randoom linked list operations" */;
			buildPhases = (
				FE35F9B82992E5F300191F6A /* Sources */,
				FE35F9B92992E5F300191F6A /* Frameworks */,
				FE35F9BA2992E5F300191F6A /* CopyFiles */,
			);
			buildRules = (
			);
			dependencies = (
			);
			name = "Randoom linked list operations";
			productName = "Randoom linked list operations";
			productReference = FE35F9BC2992E5F300191F6A /* Randoom linked list operations */;
			productType = "com.apple.product-type.tool";
		};
		FE35F9C62992E61100191F6A /* random linked list references */ = {
			isa = PBXNativeTarget;
			buildConfigurationList = FE35F9CB2992E61100191F6A /* Build configuration list for PBXNativeTarget "random linked list references" */;
			buildPhases = (
				FE35F9C32992E61100191F6A /* Sources */,
				FE35F9C42992E61100191F6A /* Frameworks */,
				FE35F9C52992E61100191F6A /* CopyFiles */,
			);
			buildRules = (
			);
			dependencies = (
			);
			name = "random linked list references";
			productName = "random linked list references";
			productReference = FE35F9C72992E61100191F6A /* random linked list references */;
			productType = "com.apple.product-type.tool";
		};
		FE35F9D12992EE7000191F6A /* finding middle */ = {
			isa = PBXNativeTarget;
			buildConfigurationList = FE35F9D62992EE7000191F6A /* Build configuration list for PBXNativeTarget "finding middle" */;
			buildPhases = (
				FE35F9CE2992EE7000191F6A /* Sources */,
				FE35F9CF2992EE7000191F6A /* Frameworks */,
				FE35F9D02992EE7000191F6A /* CopyFiles */,
			);
			buildRules = (
			);
			dependencies = (
			);
			name = "finding middle";
			productName = "finding middle";
			productReference = FE35F9D22992EE7000191F6A /* finding middle */;
			productType = "com.apple.product-type.tool";
		};
		FE5EC28E299363F10005A43B /* sparse matrix */ = {
			isa = PBXNativeTarget;
			buildConfigurationList = FE5EC295299363F10005A43B /* Build configuration list for PBXNativeTarget "sparse matrix" */;
			buildPhases = (
				FE5EC28B299363F10005A43B /* Sources */,
				FE5EC28C299363F10005A43B /* Frameworks */,
				FE5EC28D299363F10005A43B /* CopyFiles */,
			);
			buildRules = (
			);
			dependencies = (
			);
			name = "sparse matrix";
			productName = "sparse matrix";
			productReference = FE5EC28F299363F10005A43B /* sparse matrix */;
			productType = "com.apple.product-type.tool";
		};
		FE5EC299299368190005A43B /* sparsse matrix */ = {
			isa = PBXNativeTarget;
			buildConfigurationList = FE5EC29E299368190005A43B /* Build configuration list for PBXNativeTarget "sparsse matrix" */;
			buildPhases = (
				FE5EC296299368190005A43B /* Sources */,
				FE5EC297299368190005A43B /* Frameworks */,
				FE5EC298299368190005A43B /* CopyFiles */,
			);
			buildRules = (
			);
			dependencies = (
			);
			name = "sparsse matrix";
			productName = "sparsse matrix";
			productReference = FE5EC29A299368190005A43B /* sparsse matrix */;
			productType = "com.apple.product-type.tool";
		};
		FE5EC2A4299368420005A43B /* Sparse matrix */ = {
			isa = PBXNativeTarget;
			buildConfigurationList = FE5EC2A9299368420005A43B /* Build configuration list for PBXNativeTarget "Sparse matrix" */;
			buildPhases = (
				FE5EC2A1299368420005A43B /* Sources */,
				FE5EC2A2299368420005A43B /* Frameworks */,
				FE5EC2A3299368420005A43B /* CopyFiles */,
			);
			buildRules = (
			);
			dependencies = (
			);
			name = "Sparse matrix";
			productName = "Sparse matrix";
			productReference = FE5EC2A5299368420005A43B /* Sparse matrix */;
			productType = "com.apple.product-type.tool";
		};
		FE7245E1298527FF00C50861 /* linked_list */ = {
			isa = PBXNativeTarget;
			buildConfigurationList = FE7245E9298527FF00C50861 /* Build configuration list for PBXNativeTarget "linked_list" */;
			buildPhases = (
				FE7245DE298527FF00C50861 /* Sources */,
				FE7245DF298527FF00C50861 /* Frameworks */,
				FE7245E0298527FF00C50861 /* CopyFiles */,
			);
			buildRules = (
			);
			dependencies = (
			);
			name = linked_list;
			productName = linked_list;
			productReference = FE7245E2298527FF00C50861 /* linked_list */;
			productType = "com.apple.product-type.tool";
		};
		FED4F222298E764A00D1D4E2 /* cicular_linkedList */ = {
			isa = PBXNativeTarget;
			buildConfigurationList = FED4F229298E764A00D1D4E2 /* Build configuration list for PBXNativeTarget "cicular_linkedList" */;
			buildPhases = (
				FED4F21F298E764A00D1D4E2 /* Sources */,
				FED4F220298E764A00D1D4E2 /* Frameworks */,
				FED4F221298E764A00D1D4E2 /* CopyFiles */,
			);
			buildRules = (
			);
			dependencies = (
			);
			name = cicular_linkedList;
			productName = cicular_linkedList;
			productReference = FED4F223298E764A00D1D4E2 /* cicular_linkedList */;
			productType = "com.apple.product-type.tool";
		};
/* End PBXNativeTarget section */

/* Begin PBXProject section */
		FE7245DA298527FF00C50861 /* Project object */ = {
			isa = PBXProject;
			attributes = {
				BuildIndependentTargetsInParallel = 1;
				LastUpgradeCheck = 1420;
				TargetAttributes = {
					FE35F9A529928A9700191F6A = {
						CreatedOnToolsVersion = 14.2;
					};
					FE35F9B02992E5C000191F6A = {
						CreatedOnToolsVersion = 14.2;
					};
					FE35F9BB2992E5F300191F6A = {
						CreatedOnToolsVersion = 14.2;
					};
					FE35F9C62992E61100191F6A = {
						CreatedOnToolsVersion = 14.2;
					};
					FE35F9D12992EE7000191F6A = {
						CreatedOnToolsVersion = 14.2;
					};
					FE5EC28E299363F10005A43B = {
						CreatedOnToolsVersion = 14.2;
					};
					FE5EC299299368190005A43B = {
						CreatedOnToolsVersion = 14.2;
					};
					FE5EC2A4299368420005A43B = {
						CreatedOnToolsVersion = 14.2;
					};
					FE7245E1298527FF00C50861 = {
						CreatedOnToolsVersion = 14.2;
					};
					FED4F222298E764A00D1D4E2 = {
						CreatedOnToolsVersion = 14.2;
					};
				};
			};
			buildConfigurationList = FE7245DD298527FF00C50861 /* Build configuration list for PBXProject "linked_list" */;
			compatibilityVersion = "Xcode 14.0";
			developmentRegion = en;
			hasScannedForEncodings = 0;
			knownRegions = (
				en,
				Base,
			);
			mainGroup = FE7245D9298527FF00C50861;
			productRefGroup = FE7245E3298527FF00C50861 /* Products */;
			projectDirPath = "";
			projectRoot = "";
			targets = (
				FE7245E1298527FF00C50861 /* linked_list */,
				FED4F222298E764A00D1D4E2 /* cicular_linkedList */,
				FE35F9A529928A9700191F6A /* doubly linked list */,
				FE35F9B02992E5C000191F6A /* random */,
				FE35F9BB2992E5F300191F6A /* Randoom linked list operations */,
				FE35F9C62992E61100191F6A /* random linked list references */,
				FE35F9D12992EE7000191F6A /* finding middle */,
				FE5EC28E299363F10005A43B /* sparse matrix */,
				FE5EC299299368190005A43B /* sparsse matrix */,
				FE5EC2A4299368420005A43B /* Sparse matrix */,
			);
		};
/* End PBXProject section */

/* Begin PBXSourcesBuildPhase section */
		FE35F9A229928A9700191F6A /* Sources */ = {
			isa = PBXSourcesBuildPhase;
			buildActionMask = 2147483647;
			files = (
				FE35F9A929928A9700191F6A /* main.cpp in Sources */,
			);
			runOnlyForDeploymentPostprocessing = 0;
		};
		FE35F9AD2992E5C000191F6A /* Sources */ = {
			isa = PBXSourcesBuildPhase;
			buildActionMask = 2147483647;
			files = (
			);
			runOnlyForDeploymentPostprocessing = 0;
		};
		FE35F9B82992E5F300191F6A /* Sources */ = {
			isa = PBXSourcesBuildPhase;
			buildActionMask = 2147483647;
			files = (
			);
			runOnlyForDeploymentPostprocessing = 0;
		};
		FE35F9C32992E61100191F6A /* Sources */ = {
			isa = PBXSourcesBuildPhase;
			buildActionMask = 2147483647;
			files = (
			);
			runOnlyForDeploymentPostprocessing = 0;
		};
		FE35F9CE2992EE7000191F6A /* Sources */ = {
			isa = PBXSourcesBuildPhase;
			buildActionMask = 2147483647;
			files = (
				FE35F9D52992EE7000191F6A /* main.cpp in Sources */,
			);
			runOnlyForDeploymentPostprocessing = 0;
		};
		FE5EC28B299363F10005A43B /* Sources */ = {
			isa = PBXSourcesBuildPhase;
			buildActionMask = 2147483647;
			files = (
			);
			runOnlyForDeploymentPostprocessing = 0;
		};
		FE5EC296299368190005A43B /* Sources */ = {
			isa = PBXSourcesBuildPhase;
			buildActionMask = 2147483647;
			files = (
			);
			runOnlyForDeploymentPostprocessing = 0;
		};
		FE5EC2A1299368420005A43B /* Sources */ = {
			isa = PBXSourcesBuildPhase;
			buildActionMask = 2147483647;
			files = (
				FE5EC2A8299368420005A43B /* main.cpp in Sources */,
			);
			runOnlyForDeploymentPostprocessing = 0;
		};
		FE7245DE298527FF00C50861 /* Sources */ = {
			isa = PBXSourcesBuildPhase;
			buildActionMask = 2147483647;
			files = (
				FE7245E6298527FF00C50861 /* main.c in Sources */,
			);
			runOnlyForDeploymentPostprocessing = 0;
		};
		FED4F21F298E764A00D1D4E2 /* Sources */ = {
			isa = PBXSourcesBuildPhase;
			buildActionMask = 2147483647;
			files = (
				FED4F226298E764A00D1D4E2 /* main.cpp in Sources */,
			);
			runOnlyForDeploymentPostprocessing = 0;
		};
/* End PBXSourcesBuildPhase section */

/* Begin XCBuildConfiguration section */
		FE35F9AA29928A9700191F6A /* Debug */ = {
			isa = XCBuildConfiguration;
			buildSettings = {
				CODE_SIGN_STYLE = Automatic;
				PRODUCT_NAME = "$(TARGET_NAME)";
			};
			name = Debug;
		};
		FE35F9AB29928A9700191F6A /* Release */ = {
			isa = XCBuildConfiguration;
			buildSettings = {
				CODE_SIGN_STYLE = Automatic;
				PRODUCT_NAME = "$(TARGET_NAME)";
			};
			name = Release;
		};
		FE35F9B62992E5C000191F6A /* Debug */ = {
			isa = XCBuildConfiguration;
			buildSettings = {
				CODE_SIGN_STYLE = Automatic;
				PRODUCT_NAME = "$(TARGET_NAME)";
			};
			name = Debug;
		};
		FE35F9B72992E5C000191F6A /* Release */ = {
			isa = XCBuildConfiguration;
			buildSettings = {
				CODE_SIGN_STYLE = Automatic;
				PRODUCT_NAME = "$(TARGET_NAME)";
			};
			name = Release;
		};
		FE35F9C12992E5F300191F6A /* Debug */ = {
			isa = XCBuildConfiguration;
			buildSettings = {
				CODE_SIGN_STYLE = Automatic;
				PRODUCT_NAME = "$(TARGET_NAME)";
			};
			name = Debug;
		};
		FE35F9C22992E5F300191F6A /* Release */ = {
			isa = XCBuildConfiguration;
			buildSettings = {
				CODE_SIGN_STYLE = Automatic;
				PRODUCT_NAME = "$(TARGET_NAME)";
			};
			name = Release;
		};
		FE35F9CC2992E61100191F6A /* Debug */ = {
			isa = XCBuildConfiguration;
			buildSettings = {
				CODE_SIGN_STYLE = Automatic;
				PRODUCT_NAME = "$(TARGET_NAME)";
			};
			name = Debug;
		};
		FE35F9CD2992E61100191F6A /* Release */ = {
			isa = XCBuildConfiguration;
			buildSettings = {
				CODE_SIGN_STYLE = Automatic;
				PRODUCT_NAME = "$(TARGET_NAME)";
			};
			name = Release;
		};
		FE35F9D72992EE7000191F6A /* Debug */ = {
			isa = XCBuildConfiguration;
			buildSettings = {
				CODE_SIGN_STYLE = Automatic;
				PRODUCT_NAME = "$(TARGET_NAME)";
			};
			name = Debug;
		};
		FE35F9D82992EE7000191F6A /* Release */ = {
			isa = XCBuildConfiguration;
			buildSettings = {
				CODE_SIGN_STYLE = Automatic;
				PRODUCT_NAME = "$(TARGET_NAME)";
			};
			name = Release;
		};
		FE5EC293299363F10005A43B /* Debug */ = {
			isa = XCBuildConfiguration;
			buildSettings = {
				CODE_SIGN_STYLE = Automatic;
				PRODUCT_NAME = "$(TARGET_NAME)";
			};
			name = Debug;
		};
		FE5EC294299363F10005A43B /* Release */ = {
			isa = XCBuildConfiguration;
			buildSettings = {
				CODE_SIGN_STYLE = Automatic;
				PRODUCT_NAME = "$(TARGET_NAME)";
			};
			name = Release;
		};
		FE5EC29F299368190005A43B /* Debug */ = {
			isa = XCBuildConfiguration;
			buildSettings = {
				CODE_SIGN_STYLE = Automatic;
				PRODUCT_NAME = "$(TARGET_NAME)";
			};
			name = Debug;
		};
		FE5EC2A0299368190005A43B /* Release */ = {
			isa = XCBuildConfiguration;
			buildSettings = {
				CODE_SIGN_STYLE = Automatic;
				PRODUCT_NAME = "$(TARGET_NAME)";
			};
			name = Release;
		};
		FE5EC2AA299368420005A43B /* Debug */ = {
			isa = XCBuildConfiguration;
			buildSettings = {
				CODE_SIGN_STYLE = Automatic;
				PRODUCT_NAME = "$(TARGET_NAME)";
			};
			name = Debug;
		};
		FE5EC2AB299368420005A43B /* Release */ = {
			isa = XCBuildConfiguration;
			buildSettings = {
				CODE_SIGN_STYLE = Automatic;
				PRODUCT_NAME = "$(TARGET_NAME)";
			};
			name = Release;
		};
		FE7245E7298527FF00C50861 /* Debug */ = {
			isa = XCBuildConfiguration;
			buildSettings = {
				ALWAYS_SEARCH_USER_PATHS = NO;
				CLANG_ANALYZER_NONNULL = YES;
				CLANG_ANALYZER_NUMBER_OBJECT_CONVERSION = YES_AGGRESSIVE;
				CLANG_CXX_LANGUAGE_STANDARD = "gnu++20";
				CLANG_ENABLE_MODULES = YES;
				CLANG_ENABLE_OBJC_ARC = YES;
				CLANG_ENABLE_OBJC_WEAK = YES;
				CLANG_WARN_BLOCK_CAPTURE_AUTORELEASING = YES;
				CLANG_WARN_BOOL_CONVERSION = YES;
				CLANG_WARN_COMMA = YES;
				CLANG_WARN_CONSTANT_CONVERSION = YES;
				CLANG_WARN_DEPRECATED_OBJC_IMPLEMENTATIONS = YES;
				CLANG_WARN_DIRECT_OBJC_ISA_USAGE = YES_ERROR;
				CLANG_WARN_DOCUMENTATION_COMMENTS = YES;
				CLANG_WARN_EMPTY_BODY = YES;
				CLANG_WARN_ENUM_CONVERSION = YES;
				CLANG_WARN_INFINITE_RECURSION = YES;
				CLANG_WARN_INT_CONVERSION = YES;
				CLANG_WARN_NON_LITERAL_NULL_CONVERSION = YES;
				CLANG_WARN_OBJC_IMPLICIT_RETAIN_SELF = YES;
				CLANG_WARN_OBJC_LITERAL_CONVERSION = YES;
				CLANG_WARN_OBJC_ROOT_CLASS = YES_ERROR;
				CLANG_WARN_QUOTED_INCLUDE_IN_FRAMEWORK_HEADER = YES;
				CLANG_WARN_RANGE_LOOP_ANALYSIS = YES;
				CLANG_WARN_STRICT_PROTOTYPES = YES;
				CLANG_WARN_SUSPICIOUS_MOVE = YES;
				CLANG_WARN_UNGUARDED_AVAILABILITY = YES_AGGRESSIVE;
				CLANG_WARN_UNREACHABLE_CODE = YES;
				CLANG_WARN__DUPLICATE_METHOD_MATCH = YES;
				COPY_PHASE_STRIP = NO;
				DEBUG_INFORMATION_FORMAT = dwarf;
				ENABLE_STRICT_OBJC_MSGSEND = YES;
				ENABLE_TESTABILITY = YES;
				GCC_C_LANGUAGE_STANDARD = gnu11;
				GCC_DYNAMIC_NO_PIC = NO;
				GCC_NO_COMMON_BLOCKS = YES;
				GCC_OPTIMIZATION_LEVEL = 0;
				GCC_PREPROCESSOR_DEFINITIONS = (
					"DEBUG=1",
					"$(inherited)",
				);
				GCC_WARN_64_TO_32_BIT_CONVERSION = YES;
				GCC_WARN_ABOUT_RETURN_TYPE = YES_ERROR;
				GCC_WARN_UNDECLARED_SELECTOR = YES;
				GCC_WARN_UNINITIALIZED_AUTOS = YES_AGGRESSIVE;
				GCC_WARN_UNUSED_FUNCTION = YES;
				GCC_WARN_UNUSED_VARIABLE = YES;
				MACOSX_DEPLOYMENT_TARGET = 13.1;
				MTL_ENABLE_DEBUG_INFO = INCLUDE_SOURCE;
				MTL_FAST_MATH = YES;
				ONLY_ACTIVE_ARCH = YES;
				SDKROOT = macosx;
			};
			name = Debug;
		};
		FE7245E8298527FF00C50861 /* Release */ = {
			isa = XCBuildConfiguration;
			buildSettings = {
				ALWAYS_SEARCH_USER_PATHS = NO;
				CLANG_ANALYZER_NONNULL = YES;
				CLANG_ANALYZER_NUMBER_OBJECT_CONVERSION = YES_AGGRESSIVE;
				CLANG_CXX_LANGUAGE_STANDARD = "gnu++20";
				CLANG_ENABLE_MODULES = YES;
				CLANG_ENABLE_OBJC_ARC = YES;
				CLANG_ENABLE_OBJC_WEAK = YES;
				CLANG_WARN_BLOCK_CAPTURE_AUTORELEASING = YES;
				CLANG_WARN_BOOL_CONVERSION = YES;
				CLANG_WARN_COMMA = YES;
				CLANG_WARN_CONSTANT_CONVERSION = YES;
				CLANG_WARN_DEPRECATED_OBJC_IMPLEMENTATIONS = YES;
				CLANG_WARN_DIRECT_OBJC_ISA_USAGE = YES_ERROR;
				CLANG_WARN_DOCUMENTATION_COMMENTS = YES;
				CLANG_WARN_EMPTY_BODY = YES;
				CLANG_WARN_ENUM_CONVERSION = YES;
				CLANG_WARN_INFINITE_RECURSION = YES;
				CLANG_WARN_INT_CONVERSION = YES;
				CLANG_WARN_NON_LITERAL_NULL_CONVERSION = YES;
				CLANG_WARN_OBJC_IMPLICIT_RETAIN_SELF = YES;
				CLANG_WARN_OBJC_LITERAL_CONVERSION = YES;
				CLANG_WARN_OBJC_ROOT_CLASS = YES_ERROR;
				CLANG_WARN_QUOTED_INCLUDE_IN_FRAMEWORK_HEADER = YES;
				CLANG_WARN_RANGE_LOOP_ANALYSIS = YES;
				CLANG_WARN_STRICT_PROTOTYPES = YES;
				CLANG_WARN_SUSPICIOUS_MOVE = YES;
				CLANG_WARN_UNGUARDED_AVAILABILITY = YES_AGGRESSIVE;
				CLANG_WARN_UNREACHABLE_CODE = YES;
				CLANG_WARN__DUPLICATE_METHOD_MATCH = YES;
				COPY_PHASE_STRIP = NO;
				DEBUG_INFORMATION_FORMAT = "dwarf-with-dsym";
				ENABLE_NS_ASSERTIONS = NO;
				ENABLE_STRICT_OBJC_MSGSEND = YES;
				GCC_C_LANGUAGE_STANDARD = gnu11;
				GCC_NO_COMMON_BLOCKS = YES;
				GCC_WARN_64_TO_32_BIT_CONVERSION = YES;
				GCC_WARN_ABOUT_RETURN_TYPE = YES_ERROR;
				GCC_WARN_UNDECLARED_SELECTOR = YES;
				GCC_WARN_UNINITIALIZED_AUTOS = YES_AGGRESSIVE;
				GCC_WARN_UNUSED_FUNCTION = YES;
				GCC_WARN_UNUSED_VARIABLE = YES;
				MACOSX_DEPLOYMENT_TARGET = 13.1;
				MTL_ENABLE_DEBUG_INFO = NO;
				MTL_FAST_MATH = YES;
				SDKROOT = macosx;
			};
			name = Release;
		};
		FE7245EA298527FF00C50861 /* Debug */ = {
			isa = XCBuildConfiguration;
			buildSettings = {
				CODE_SIGN_STYLE = Automatic;
				PRODUCT_NAME = "$(TARGET_NAME)";
			};
			name = Debug;
		};
		FE7245EB298527FF00C50861 /* Release */ = {
			isa = XCBuildConfiguration;
			buildSettings = {
				CODE_SIGN_STYLE = Automatic;
				PRODUCT_NAME = "$(TARGET_NAME)";
			};
			name = Release;
		};
		FED4F227298E764A00D1D4E2 /* Debug */ = {
			isa = XCBuildConfiguration;
			buildSettings = {
				CODE_SIGN_STYLE = Automatic;
				PRODUCT_NAME = "$(TARGET_NAME)";
			};
			name = Debug;
		};
		FED4F228298E764A00D1D4E2 /* Release */ = {
			isa = XCBuildConfiguration;
			buildSettings = {
				CODE_SIGN_STYLE = Automatic;
				PRODUCT_NAME = "$(TARGET_NAME)";
			};
			name = Release;
		};
/* End XCBuildConfiguration section */

/* Begin XCConfigurationList section */
		FE35F9AC29928A9700191F6A /* Build configuration list for PBXNativeTarget "doubly linked list" */ = {
			isa = XCConfigurationList;
			buildConfigurations = (
				FE35F9AA29928A9700191F6A /* Debug */,
				FE35F9AB29928A9700191F6A /* Release */,
			);
			defaultConfigurationIsVisible = 0;
			defaultConfigurationName = Release;
		};
		FE35F9B52992E5C000191F6A /* Build configuration list for PBXNativeTarget "random" */ = {
			isa = XCConfigurationList;
			buildConfigurations = (
				FE35F9B62992E5C000191F6A /* Debug */,
				FE35F9B72992E5C000191F6A /* Release */,
			);
			defaultConfigurationIsVisible = 0;
			defaultConfigurationName = Release;
		};
		FE35F9C02992E5F300191F6A /* Build configuration list for PBXNativeTarget "Randoom linked list operations" */ = {
			isa = XCConfigurationList;
			buildConfigurations = (
				FE35F9C12992E5F300191F6A /* Debug */,
				FE35F9C22992E5F300191F6A /* Release */,
			);
			defaultConfigurationIsVisible = 0;
			defaultConfigurationName = Release;
		};
		FE35F9CB2992E61100191F6A /* Build configuration list for PBXNativeTarget "random linked list references" */ = {
			isa = XCConfigurationList;
			buildConfigurations = (
				FE35F9CC2992E61100191F6A /* Debug */,
				FE35F9CD2992E61100191F6A /* Release */,
			);
			defaultConfigurationIsVisible = 0;
			defaultConfigurationName = Release;
		};
		FE35F9D62992EE7000191F6A /* Build configuration list for PBXNativeTarget "finding middle" */ = {
			isa = XCConfigurationList;
			buildConfigurations = (
				FE35F9D72992EE7000191F6A /* Debug */,
				FE35F9D82992EE7000191F6A /* Release */,
			);
			defaultConfigurationIsVisible = 0;
			defaultConfigurationName = Release;
		};
		FE5EC295299363F10005A43B /* Build configuration list for PBXNativeTarget "sparse matrix" */ = {
			isa = XCConfigurationList;
			buildConfigurations = (
				FE5EC293299363F10005A43B /* Debug */,
				FE5EC294299363F10005A43B /* Release */,
			);
			defaultConfigurationIsVisible = 0;
			defaultConfigurationName = Release;
		};
		FE5EC29E299368190005A43B /* Build configuration list for PBXNativeTarget "sparsse matrix" */ = {
			isa = XCConfigurationList;
			buildConfigurations = (
				FE5EC29F299368190005A43B /* Debug */,
				FE5EC2A0299368190005A43B /* Release */,
			);
			defaultConfigurationIsVisible = 0;
			defaultConfigurationName = Release;
		};
		FE5EC2A9299368420005A43B /* Build configuration list for PBXNativeTarget "Sparse matrix" */ = {
			isa = XCConfigurationList;
			buildConfigurations = (
				FE5EC2AA299368420005A43B /* Debug */,
				FE5EC2AB299368420005A43B /* Release */,
			);
			defaultConfigurationIsVisible = 0;
			defaultConfigurationName = Release;
		};
		FE7245DD298527FF00C50861 /* Build configuration list for PBXProject "linked_list" */ = {
			isa = XCConfigurationList;
			buildConfigurations = (
				FE7245E7298527FF00C50861 /* Debug */,
				FE7245E8298527FF00C50861 /* Release */,
			);
			defaultConfigurationIsVisible = 0;
			defaultConfigurationName = Release;
		};
		FE7245E9298527FF00C50861 /* Build configuration list for PBXNativeTarget "linked_list" */ = {
			isa = XCConfigurationList;
			buildConfigurations = (
				FE7245EA298527FF00C50861 /* Debug */,
				FE7245EB298527FF00C50861 /* Release */,
			);
			defaultConfigurationIsVisible = 0;
			defaultConfigurationName = Release;
		};
		FED4F229298E764A00D1D4E2 /* Build configuration list for PBXNativeTarget "cicular_linkedList" */ = {
			isa = XCConfigurationList;
			buildConfigurations = (
				FED4F227298E764A00D1D4E2 /* Debug */,
				FED4F228298E764A00D1D4E2 /* Release */,
			);
			defaultConfigurationIsVisible = 0;
			defaultConfigurationName = Release;
		};
/* End XCConfigurationList section */
	};
	rootObject = FE7245DA298527FF00C50861 /* Project object */;
}
